
Microsoft Visual Studio Solution File, Format Version 12.00
# Visual Studio Version 16
VisualStudioVersion = 16.0.29806.167
MinimumVisualStudioVersion = 10.0.40219.1
Project("{FAE04EC0-301F-11D3-BF4B-00C04F79EFBC}") = "Event-Attendees-Tracker_API", "Event-Attendees-Tracker_API\Event-Attendees-Tracker_API.csproj", "{A4068B5F-AE33-41D4-9F62-48F93BD11084}"
EndProject
Project("{FAE04EC0-301F-11D3-BF4B-00C04F79EFBC}") = "Event-Attendees-Tracker_API.Tests", "Event-Attendees-Tracker_API.Tests\Event-Attendees-Tracker_API.Tests.csproj", "{9C0BEF7A-554B-4B12-B7EC-43C6A11B4F1C}"
EndProject
Project("{2150E333-8FDC-42A3-9474-1A3956D46DE8}") = "API", "API", "{5A847045-F57D-4F8F-AE43-BA5B0936E120}"
EndProject
Project("{2150E333-8FDC-42A3-9474-1A3956D46DE8}") = "Library", "Library", "{8B107C6D-C78F-4731-9DCE-7191AD61DBD8}"
EndProject
Project("{2150E333-8FDC-42A3-9474-1A3956D46DE8}") = "BAL", "BAL", "{3CB2A75B-32BA-4A99-AC55-4A2FBFA7A57B}"
EndProject
Project("{FAE04EC0-301F-11D3-BF4B-00C04F79EFBC}") = "Event-Attendees-Tracker_BAL", "Event-Attendees-Tracker_BAL\Event-Attendees-Tracker_BAL.csproj", "{2E298C53-8C54-413E-BB08-14A0C9809E53}"
EndProject
Project("{FAE04EC0-301F-11D3-BF4B-00C04F79EFBC}") = "Event-Attendees-Tracker_BAL.Tests", "Event-Attendees-Tracker_BAL.Tests\Event-Attendees-Tracker_BAL.Tests.csproj", "{C46D4DF9-9FA5-46FA-9B0E-46DE64A659DE}"
EndProject
Project("{2150E333-8FDC-42A3-9474-1A3956D46DE8}") = "DAL", "DAL", "{4A005AC5-4D70-4F39-B15C-D0CA60496610}"
EndProject
Project("{FAE04EC0-301F-11D3-BF4B-00C04F79EFBC}") = "Event-Attendees-Tracker_DAL", "Event-Attendees-Tracker_DAL\Event-Attendees-Tracker_DAL.csproj", "{35D1B188-AC4C-46C1-A1B2-6045AE62D89F}"
EndProject
Project("{FAE04EC0-301F-11D3-BF4B-00C04F79EFBC}") = "Event-Attendees-Tracker_DAL.Tests", "Event-Attendees-Tracker_DAL.Tests\Event-Attendees-Tracker_DAL.Tests.csproj", "{67BBDC28-C771-427C-965A-FF6404FDF7DF}"
EndProject
Project("{2150E333-8FDC-42A3-9474-1A3956D46DE8}") = "Presentation Layer", "Presentation Layer", "{29DFBCF6-79AF-43F7-8A73-6C2E67876ACA}"
EndProject
Project("{FAE04EC0-301F-11D3-BF4B-00C04F79EFBC}") = "Event-Attendees-Tracker", "Event-Attendees-Tracker\Event-Attendees-Tracker.csproj", "{72AAFB88-054C-4CA4-915B-017EA289F1AC}"
EndProject
Project("{FAE04EC0-301F-11D3-BF4B-00C04F79EFBC}") = "Event-Attendees-Tracker.Tests", "Presentation Layer\Event-Attendees-Tracker.Tests\Event-Attendees-Tracker.Tests.csproj", "{513FBC2E-118D-4CD8-89F8-0F542D6066ED}"
EndProject
Global
	GlobalSection(SolutionConfigurationPlatforms) = preSolution
		Debug|Any CPU = Debug|Any CPU
		Release|Any CPU = Release|Any CPU
	EndGlobalSection
	GlobalSection(ProjectConfigurationPlatforms) = postSolution
		{A4068B5F-AE33-41D4-9F62-48F93BD11084}.Debug|Any CPU.ActiveCfg = Debug|Any CPU
		{A4068B5F-AE33-41D4-9F62-48F93BD11084}.Debug|Any CPU.Build.0 = Debug|Any CPU
		{A4068B5F-AE33-41D4-9F62-48F93BD11084}.Release|Any CPU.ActiveCfg = Release|Any CPU
		{A4068B5F-AE33-41D4-9F62-48F93BD11084}.Release|Any CPU.Build.0 = Release|Any CPU
		{9C0BEF7A-554B-4B12-B7EC-43C6A11B4F1C}.Debug|Any CPU.ActiveCfg = Debug|Any CPU
		{9C0BEF7A-554B-4B12-B7EC-43C6A11B4F1C}.Debug|Any CPU.Build.0 = Debug|Any CPU
		{9C0BEF7A-554B-4B12-B7EC-43C6A11B4F1C}.Release|Any CPU.ActiveCfg = Release|Any CPU
		{9C0BEF7A-554B-4B12-B7EC-43C6A11B4F1C}.Release|Any CPU.Build.0 = Release|Any CPU
		{2E298C53-8C54-413E-BB08-14A0C9809E53}.Debug|Any CPU.ActiveCfg = Debug|Any CPU
		{2E298C53-8C54-413E-BB08-14A0C9809E53}.Debug|Any CPU.Build.0 = Debug|Any CPU
		{2E298C53-8C54-413E-BB08-14A0C9809E53}.Release|Any CPU.ActiveCfg = Release|Any CPU
		{2E298C53-8C54-413E-BB08-14A0C9809E53}.Release|Any CPU.Build.0 = Release|Any CPU
		{C46D4DF9-9FA5-46FA-9B0E-46DE64A659DE}.Debug|Any CPU.ActiveCfg = Debug|Any CPU
		{C46D4DF9-9FA5-46FA-9B0E-46DE64A659DE}.Debug|Any CPU.Build.0 = Debug|Any CPU
		{C46D4DF9-9FA5-46FA-9B0E-46DE64A659DE}.Release|Any CPU.ActiveCfg = Release|Any CPU
		{C46D4DF9-9FA5-46FA-9B0E-46DE64A659DE}.Release|Any CPU.Build.0 = Release|Any CPU
		{35D1B188-AC4C-46C1-A1B2-6045AE62D89F}.Debug|Any CPU.ActiveCfg = Debug|Any CPU
		{35D1B188-AC4C-46C1-A1B2-6045AE62D89F}.Debug|Any CPU.Build.0 = Debug|Any CPU
		{35D1B188-AC4C-46C1-A1B2-6045AE62D89F}.Release|Any CPU.ActiveCfg = Release|Any CPU
		{35D1B188-AC4C-46C1-A1B2-6045AE62D89F}.Release|Any CPU.Build.0 = Release|Any CPU
		{67BBDC28-C771-427C-965A-FF6404FDF7DF}.Debug|Any CPU.ActiveCfg = Debug|Any CPU
		{67BBDC28-C771-427C-965A-FF6404FDF7DF}.Debug|Any CPU.Build.0 = Debug|Any CPU
		{67BBDC28-C771-427C-965A-FF6404FDF7DF}.Release|Any CPU.ActiveCfg = Release|Any CPU
		{67BBDC28-C771-427C-965A-FF6404FDF7DF}.Release|Any CPU.Build.0 = Release|Any CPU
		{72AAFB88-054C-4CA4-915B-017EA289F1AC}.Debug|Any CPU.ActiveCfg = Debug|Any CPU
		{72AAFB88-054C-4CA4-915B-017EA289F1AC}.Debug|Any CPU.Build.0 = Debug|Any CPU
		{72AAFB88-054C-4CA4-915B-017EA289F1AC}.Release|Any CPU.ActiveCfg = Release|Any CPU
		{72AAFB88-054C-4CA4-915B-017EA289F1AC}.Release|Any CPU.Build.0 = Release|Any CPU
		{513FBC2E-118D-4CD8-89F8-0F542D6066ED}.Debug|Any CPU.ActiveCfg = Debug|Any CPU
		{513FBC2E-118D-4CD8-89F8-0F542D6066ED}.Debug|Any CPU.Build.0 = Debug|Any CPU
		{513FBC2E-118D-4CD8-89F8-0F542D6066ED}.Release|Any CPU.ActiveCfg = Release|Any CPU
		{513FBC2E-118D-4CD8-89F8-0F542D6066ED}.Release|Any CPU.Build.0 = Release|Any CPU
	EndGlobalSection
	GlobalSection(SolutionProperties) = preSolution
		HideSolutionNode = FALSE
	EndGlobalSection
	GlobalSection(NestedProjects) = preSolution
		{A4068B5F-AE33-41D4-9F62-48F93BD11084} = {5A847045-F57D-4F8F-AE43-BA5B0936E120}
		{9C0BEF7A-554B-4B12-B7EC-43C6A11B4F1C} = {5A847045-F57D-4F8F-AE43-BA5B0936E120}
		{3CB2A75B-32BA-4A99-AC55-4A2FBFA7A57B} = {8B107C6D-C78F-4731-9DCE-7191AD61DBD8}
		{2E298C53-8C54-413E-BB08-14A0C9809E53} = {3CB2A75B-32BA-4A99-AC55-4A2FBFA7A57B}
		{C46D4DF9-9FA5-46FA-9B0E-46DE64A659DE} = {3CB2A75B-32BA-4A99-AC55-4A2FBFA7A57B}
		{4A005AC5-4D70-4F39-B15C-D0CA60496610} = {8B107C6D-C78F-4731-9DCE-7191AD61DBD8}
		{35D1B188-AC4C-46C1-A1B2-6045AE62D89F} = {4A005AC5-4D70-4F39-B15C-D0CA60496610}
		{67BBDC28-C771-427C-965A-FF6404FDF7DF} = {4A005AC5-4D70-4F39-B15C-D0CA60496610}
		{72AAFB88-054C-4CA4-915B-017EA289F1AC} = {29DFBCF6-79AF-43F7-8A73-6C2E67876ACA}
		{513FBC2E-118D-4CD8-89F8-0F542D6066ED} = {29DFBCF6-79AF-43F7-8A73-6C2E67876ACA}
	EndGlobalSection
	GlobalSection(ExtensibilityGlobals) = postSolution
		SolutionGuid = {86582BBE-ACE8-41E4-B768-3A0F1119B832}
	EndGlobalSection
EndGlobal
